
Microsoft Visual Studio Solution File, Format Version 12.00
# Visual Studio Version 17
VisualStudioVersion = 17.0.31903.59
MinimumVisualStudioVersion = 10.0.40219.1
Project("{2150E333-8FDC-42A3-9474-1A3956D46DE8}") = "src", "src", "{827E0CD3-B72D-47B6-A68D-7590B98EB39B}"
EndProject
Project("{2150E333-8FDC-42A3-9474-1A3956D46DE8}") = "Identity", "Identity", "{65ABFB5D-2B10-DF64-BF12-C17976F8E5D9}"
EndProject
Project("{FAE04EC0-301F-11D3-BF4B-00C04F79EFBC}") = "Identity.API", "src\Identity\Identity.API\Identity.API.csproj", "{1622CD6B-C957-4BC8-A2F6-231BEDA2146F}"
EndProject
Project("{2150E333-8FDC-42A3-9474-1A3956D46DE8}") = "Tenant", "Tenant", "{33F53BC5-7035-086D-2B20-7CBB9B1B1758}"
EndProject
Project("{FAE04EC0-301F-11D3-BF4B-00C04F79EFBC}") = "Tenant.API", "src\Tenant\Tenant.API\Tenant.API.csproj", "{5BE7F15B-4A69-47D7-BD40-FEF2DB8BED9A}"
EndProject
Project("{2150E333-8FDC-42A3-9474-1A3956D46DE8}") = "Authorization", "Authorization", "{AAB46155-8893-3133-75CC-47A95E732F13}"
EndProject
Project("{FAE04EC0-301F-11D3-BF4B-00C04F79EFBC}") = "Authorization.API", "src\Authorization\Authorization.API\Authorization.API.csproj", "{866CD119-09F7-4A71-BFDF-22F2AFE6F6A0}"
EndProject
Project("{2150E333-8FDC-42A3-9474-1A3956D46DE8}") = "Gateway", "Gateway", "{6306A8FB-679E-111F-6585-8F70E0EE6013}"
EndProject
Project("{FAE04EC0-301F-11D3-BF4B-00C04F79EFBC}") = "Gateway.API", "src\Gateway\Gateway.API\Gateway.API.csproj", "{DD5DB6B9-0494-418B-92F4-632F5AB37FA4}"
EndProject
Project("{2150E333-8FDC-42A3-9474-1A3956D46DE8}") = "Shared", "Shared", "{C8E42992-5E42-0C2B-DBFE-AA848D06431C}"
EndProject
Project("{FAE04EC0-301F-11D3-BF4B-00C04F79EFBC}") = "Shared.Core", "src\Shared\Shared.Core\Shared.Core.csproj", "{EFB41B00-24B2-45CD-9654-72ADC6EBD6B4}"
EndProject
Global
	GlobalSection(SolutionConfigurationPlatforms) = preSolution
		Debug|Any CPU = Debug|Any CPU
		Debug|x64 = Debug|x64
		Debug|x86 = Debug|x86
		Release|Any CPU = Release|Any CPU
		Release|x64 = Release|x64
		Release|x86 = Release|x86
	EndGlobalSection
	GlobalSection(ProjectConfigurationPlatforms) = postSolution
		{1622CD6B-C957-4BC8-A2F6-231BEDA2146F}.Debug|Any CPU.ActiveCfg = Debug|Any CPU
		{1622CD6B-C957-4BC8-A2F6-231BEDA2146F}.Debug|Any CPU.Build.0 = Debug|Any CPU
		{1622CD6B-C957-4BC8-A2F6-231BEDA2146F}.Debug|x64.ActiveCfg = Debug|Any CPU
		{1622CD6B-C957-4BC8-A2F6-231BEDA2146F}.Debug|x64.Build.0 = Debug|Any CPU
		{1622CD6B-C957-4BC8-A2F6-231BEDA2146F}.Debug|x86.ActiveCfg = Debug|Any CPU
		{1622CD6B-C957-4BC8-A2F6-231BEDA2146F}.Debug|x86.Build.0 = Debug|Any CPU
		{1622CD6B-C957-4BC8-A2F6-231BEDA2146F}.Release|Any CPU.ActiveCfg = Release|Any CPU
		{1622CD6B-C957-4BC8-A2F6-231BEDA2146F}.Release|Any CPU.Build.0 = Release|Any CPU
		{1622CD6B-C957-4BC8-A2F6-231BEDA2146F}.Release|x64.ActiveCfg = Release|Any CPU
		{1622CD6B-C957-4BC8-A2F6-231BEDA2146F}.Release|x64.Build.0 = Release|Any CPU
		{1622CD6B-C957-4BC8-A2F6-231BEDA2146F}.Release|x86.ActiveCfg = Release|Any CPU
		{1622CD6B-C957-4BC8-A2F6-231BEDA2146F}.Release|x86.Build.0 = Release|Any CPU
		{5BE7F15B-4A69-47D7-BD40-FEF2DB8BED9A}.Debug|Any CPU.ActiveCfg = Debug|Any CPU
		{5BE7F15B-4A69-47D7-BD40-FEF2DB8BED9A}.Debug|Any CPU.Build.0 = Debug|Any CPU
		{5BE7F15B-4A69-47D7-BD40-FEF2DB8BED9A}.Debug|x64.ActiveCfg = Debug|Any CPU
		{5BE7F15B-4A69-47D7-BD40-FEF2DB8BED9A}.Debug|x64.Build.0 = Debug|Any CPU
		{5BE7F15B-4A69-47D7-BD40-FEF2DB8BED9A}.Debug|x86.ActiveCfg = Debug|Any CPU
		{5BE7F15B-4A69-47D7-BD40-FEF2DB8BED9A}.Debug|x86.Build.0 = Debug|Any CPU
		{5BE7F15B-4A69-47D7-BD40-FEF2DB8BED9A}.Release|Any CPU.ActiveCfg = Release|Any CPU
		{5BE7F15B-4A69-47D7-BD40-FEF2DB8BED9A}.Release|Any CPU.Build.0 = Release|Any CPU
		{5BE7F15B-4A69-47D7-BD40-FEF2DB8BED9A}.Release|x64.ActiveCfg = Release|Any CPU
		{5BE7F15B-4A69-47D7-BD40-FEF2DB8BED9A}.Release|x64.Build.0 = Release|Any CPU
		{5BE7F15B-4A69-47D7-BD40-FEF2DB8BED9A}.Release|x86.ActiveCfg = Release|Any CPU
		{5BE7F15B-4A69-47D7-BD40-FEF2DB8BED9A}.Release|x86.Build.0 = Release|Any CPU
		{866CD119-09F7-4A71-BFDF-22F2AFE6F6A0}.Debug|Any CPU.ActiveCfg = Debug|Any CPU
		{866CD119-09F7-4A71-BFDF-22F2AFE6F6A0}.Debug|Any CPU.Build.0 = Debug|Any CPU
		{866CD119-09F7-4A71-BFDF-22F2AFE6F6A0}.Debug|x64.ActiveCfg = Debug|Any CPU
		{866CD119-09F7-4A71-BFDF-22F2AFE6F6A0}.Debug|x64.Build.0 = Debug|Any CPU
		{866CD119-09F7-4A71-BFDF-22F2AFE6F6A0}.Debug|x86.ActiveCfg = Debug|Any CPU
		{866CD119-09F7-4A71-BFDF-22F2AFE6F6A0}.Debug|x86.Build.0 = Debug|Any CPU
		{866CD119-09F7-4A71-BFDF-22F2AFE6F6A0}.Release|Any CPU.ActiveCfg = Release|Any CPU
		{866CD119-09F7-4A71-BFDF-22F2AFE6F6A0}.Release|Any CPU.Build.0 = Release|Any CPU
		{866CD119-09F7-4A71-BFDF-22F2AFE6F6A0}.Release|x64.ActiveCfg = Release|Any CPU
		{866CD119-09F7-4A71-BFDF-22F2AFE6F6A0}.Release|x64.Build.0 = Release|Any CPU
		{866CD119-09F7-4A71-BFDF-22F2AFE6F6A0}.Release|x86.ActiveCfg = Release|Any CPU
		{866CD119-09F7-4A71-BFDF-22F2AFE6F6A0}.Release|x86.Build.0 = Release|Any CPU
		{DD5DB6B9-0494-418B-92F4-632F5AB37FA4}.Debug|Any CPU.ActiveCfg = Debug|Any CPU
		{DD5DB6B9-0494-418B-92F4-632F5AB37FA4}.Debug|Any CPU.Build.0 = Debug|Any CPU
		{DD5DB6B9-0494-418B-92F4-632F5AB37FA4}.Debug|x64.ActiveCfg = Debug|Any CPU
		{DD5DB6B9-0494-418B-92F4-632F5AB37FA4}.Debug|x64.Build.0 = Debug|Any CPU
		{DD5DB6B9-0494-418B-92F4-632F5AB37FA4}.Debug|x86.ActiveCfg = Debug|Any CPU
		{DD5DB6B9-0494-418B-92F4-632F5AB37FA4}.Debug|x86.Build.0 = Debug|Any CPU
		{DD5DB6B9-0494-418B-92F4-632F5AB37FA4}.Release|Any CPU.ActiveCfg = Release|Any CPU
		{DD5DB6B9-0494-418B-92F4-632F5AB37FA4}.Release|Any CPU.Build.0 = Release|Any CPU
		{DD5DB6B9-0494-418B-92F4-632F5AB37FA4}.Release|x64.ActiveCfg = Release|Any CPU
		{DD5DB6B9-0494-418B-92F4-632F5AB37FA4}.Release|x64.Build.0 = Release|Any CPU
		{DD5DB6B9-0494-418B-92F4-632F5AB37FA4}.Release|x86.ActiveCfg = Release|Any CPU
		{DD5DB6B9-0494-418B-92F4-632F5AB37FA4}.Release|x86.Build.0 = Release|Any CPU
		{EFB41B00-24B2-45CD-9654-72ADC6EBD6B4}.Debug|Any CPU.ActiveCfg = Debug|Any CPU
		{EFB41B00-24B2-45CD-9654-72ADC6EBD6B4}.Debug|Any CPU.Build.0 = Debug|Any CPU
		{EFB41B00-24B2-45CD-9654-72ADC6EBD6B4}.Debug|x64.ActiveCfg = Debug|Any CPU
		{EFB41B00-24B2-45CD-9654-72ADC6EBD6B4}.Debug|x64.Build.0 = Debug|Any CPU
		{EFB41B00-24B2-45CD-9654-72ADC6EBD6B4}.Debug|x86.ActiveCfg = Debug|Any CPU
		{EFB41B00-24B2-45CD-9654-72ADC6EBD6B4}.Debug|x86.Build.0 = Debug|Any CPU
		{EFB41B00-24B2-45CD-9654-72ADC6EBD6B4}.Release|Any CPU.ActiveCfg = Release|Any CPU
		{EFB41B00-24B2-45CD-9654-72ADC6EBD6B4}.Release|Any CPU.Build.0 = Release|Any CPU
		{EFB41B00-24B2-45CD-9654-72ADC6EBD6B4}.Release|x64.ActiveCfg = Release|Any CPU
		{EFB41B00-24B2-45CD-9654-72ADC6EBD6B4}.Release|x64.Build.0 = Release|Any CPU
		{EFB41B00-24B2-45CD-9654-72ADC6EBD6B4}.Release|x86.ActiveCfg = Release|Any CPU
		{EFB41B00-24B2-45CD-9654-72ADC6EBD6B4}.Release|x86.Build.0 = Release|Any CPU
	EndGlobalSection
	GlobalSection(SolutionProperties) = preSolution
		HideSolutionNode = FALSE
	EndGlobalSection
	GlobalSection(NestedProjects) = preSolution
		{65ABFB5D-2B10-DF64-BF12-C17976F8E5D9} = {827E0CD3-B72D-47B6-A68D-7590B98EB39B}
		{1622CD6B-C957-4BC8-A2F6-231BEDA2146F} = {65ABFB5D-2B10-DF64-BF12-C17976F8E5D9}
		{33F53BC5-7035-086D-2B20-7CBB9B1B1758} = {827E0CD3-B72D-47B6-A68D-7590B98EB39B}
		{5BE7F15B-4A69-47D7-BD40-FEF2DB8BED9A} = {33F53BC5-7035-086D-2B20-7CBB9B1B1758}
		{AAB46155-8893-3133-75CC-47A95E732F13} = {827E0CD3-B72D-47B6-A68D-7590B98EB39B}
		{866CD119-09F7-4A71-BFDF-22F2AFE6F6A0} = {AAB46155-8893-3133-75CC-47A95E732F13}
		{6306A8FB-679E-111F-6585-8F70E0EE6013} = {827E0CD3-B72D-47B6-A68D-7590B98EB39B}
		{DD5DB6B9-0494-418B-92F4-632F5AB37FA4} = {6306A8FB-679E-111F-6585-8F70E0EE6013}
		{C8E42992-5E42-0C2B-DBFE-AA848D06431C} = {827E0CD3-B72D-47B6-A68D-7590B98EB39B}
		{EFB41B00-24B2-45CD-9654-72ADC6EBD6B4} = {C8E42992-5E42-0C2B-DBFE-AA848D06431C}
	EndGlobalSection
EndGlobal
